
Microsoft Visual Studio Solution File, Format Version 12.00
# Visual Studio Version 17
VisualStudioVersion = 17.11.35312.102
MinimumVisualStudioVersion = 10.0.40219.1
Project("{FAE04EC0-301F-11D3-BF4B-00C04F79EFBC}") = "AdventOfCode", "AdventOfCode\AdventOfCode.csproj", "{734FDE69-BE23-40A0-96B7-C3CB291BDA71}"
EndProject
Project("{FAE04EC0-301F-11D3-BF4B-00C04F79EFBC}") = "AdventOfCodeTests", "AdventOfCodeTests\AdventOfCodeTests.csproj", "{8B723FF3-A3AF-451E-A330-4FA6BAC7EAB0}"
EndProject
Global
	GlobalSection(SolutionConfigurationPlatforms) = preSolution
		Debug|Any CPU = Debug|Any CPU
		Release|Any CPU = Release|Any CPU
	EndGlobalSection
	GlobalSection(ProjectConfigurationPlatforms) = postSolution
		{734FDE69-BE23-40A0-96B7-C3CB291BDA71}.Debug|Any CPU.ActiveCfg = Debug|Any CPU
		{734FDE69-BE23-40A0-96B7-C3CB291BDA71}.Debug|Any CPU.Build.0 = Debug|Any CPU
		{734FDE69-BE23-40A0-96B7-C3CB291BDA71}.Release|Any CPU.ActiveCfg = Release|Any CPU
		{734FDE69-BE23-40A0-96B7-C3CB291BDA71}.Release|Any CPU.Build.0 = Release|Any CPU
		{8B723FF3-A3AF-451E-A330-4FA6BAC7EAB0}.Debug|Any CPU.ActiveCfg = Debug|Any CPU
		{8B723FF3-A3AF-451E-A330-4FA6BAC7EAB0}.Debug|Any CPU.Build.0 = Debug|Any CPU
		{8B723FF3-A3AF-451E-A330-4FA6BAC7EAB0}.Release|Any CPU.ActiveCfg = Release|Any CPU
		{8B723FF3-A3AF-451E-A330-4FA6BAC7EAB0}.Release|Any CPU.Build.0 = Release|Any CPU
	EndGlobalSection
	GlobalSection(SolutionProperties) = preSolution
		HideSolutionNode = FALSE
	EndGlobalSection
	GlobalSection(ExtensibilityGlobals) = postSolution
		SolutionGuid = {F997A0F9-57C8-44B3-B1CE-BB810CBF968A}
	EndGlobalSection
EndGlobal
